
Microsoft Visual Studio Solution File, Format Version 12.00
# Visual Studio Version 17
VisualStudioVersion = 17.2.32630.192
MinimumVisualStudioVersion = 10.0.40219.1
Project("{9A19103F-16F7-4668-BE54-9A1E7A4F7556}") = "Keyshift", "Keyshift\Keyshift.csproj", "{3A9B5869-D7CE-4F6D-B9DB-30E7C1D76BC8}"
EndProject
Project("{9A19103F-16F7-4668-BE54-9A1E7A4F7556}") = "Keyshift.Forms", "Keyshift.FormsCore\Keyshift.Forms.csproj", "{8FE840F7-7FEB-4E62-9811-F19DA6F8F3B5}"
EndProject
Global
	GlobalSection(SolutionConfigurationPlatforms) = preSolution
		Debug|Any CPU = Debug|Any CPU
		Release|Any CPU = Release|Any CPU
	EndGlobalSection
	GlobalSection(ProjectConfigurationPlatforms) = postSolution
		{3A9B5869-D7CE-4F6D-B9DB-30E7C1D76BC8}.Debug|Any CPU.ActiveCfg = Debug|Any CPU
		{3A9B5869-D7CE-4F6D-B9DB-30E7C1D76BC8}.Debug|Any CPU.Build.0 = Debug|Any CPU
		{3A9B5869-D7CE-4F6D-B9DB-30E7C1D76BC8}.Release|Any CPU.ActiveCfg = Release|Any CPU
		{3A9B5869-D7CE-4F6D-B9DB-30E7C1D76BC8}.Release|Any CPU.Build.0 = Release|Any CPU
		{8FE840F7-7FEB-4E62-9811-F19DA6F8F3B5}.Debug|Any CPU.ActiveCfg = Debug|Any CPU
		{8FE840F7-7FEB-4E62-9811-F19DA6F8F3B5}.Debug|Any CPU.Build.0 = Debug|Any CPU
		{8FE840F7-7FEB-4E62-9811-F19DA6F8F3B5}.Release|Any CPU.ActiveCfg = Release|Any CPU
		{8FE840F7-7FEB-4E62-9811-F19DA6F8F3B5}.Release|Any CPU.Build.0 = Release|Any CPU
	EndGlobalSection
	GlobalSection(SolutionProperties) = preSolution
		HideSolutionNode = FALSE
	EndGlobalSection
	GlobalSection(ExtensibilityGlobals) = postSolution
		SolutionGuid = {77AC5854-8B31-4B19-AA36-A29D95DB54D3}
	EndGlobalSection
EndGlobal
